{
  "name": "project-euler-js",
  "version": "0.0.1",
  "lockfileVersion": 1,
  "requires": true,
  "dependencies": {
    "approximate-number": {
      "version": "2.0.0",
      "resolved": "https://registry.npmjs.org/approximate-number/-/approximate-number-2.0.0.tgz",
      "integrity": "sha1-Q8f7+7sAcKQSEx1lWB+GiyTR6yk="
    },
    "get-primes": {
      "version": "1.0.3",
      "resolved": "https://registry.npmjs.org/get-primes/-/get-primes-1.0.3.tgz",
      "integrity": "sha1-01Aal775XJNXHCDPFTI+bb5ea/w="
    },
    "human-duration": {
      "version": "1.0.1",
      "resolved": "https://registry.npmjs.org/human-duration/-/human-duration-1.0.1.tgz",
      "integrity": "sha1-GR/Q+iXSBOLtGf8/tbAOQEUsWQA="
    },
    "is-finite": {
      "version": "1.0.2",
      "resolved": "https://registry.npmjs.org/is-finite/-/is-finite-1.0.2.tgz",
      "integrity": "sha1-zGZ3aVYCvlUO8R6LSqYwU0K20Ko=",
      "requires": {
        "number-is-nan": "^1.0.0"
      }
    },
    "is-prime": {
      "version": "1.0.1",
      "resolved": "https://registry.npmjs.org/is-prime/-/is-prime-1.0.1.tgz",
      "integrity": "sha1-stc1sRkQ7z1Bdb913k6INcSosd4=",
      "requires": {
        "number-is-integer": "*"
      }
    },
    "number-is-integer": {
      "version": "1.0.1",
      "resolved": "https://registry.npmjs.org/number-is-integer/-/number-is-integer-1.0.1.tgz",
      "integrity": "sha1-5ZvKFy/+0nMY55x862y3LAlbIVI=",
      "requires": {
        "is-finite": "^1.0.1"
      }
    },
    "number-is-nan": {
      "version": "1.0.1",
      "resolved": "https://registry.npmjs.org/number-is-nan/-/number-is-nan-1.0.1.tgz",
      "integrity": "sha1-CXtgK1NCKlIsGvuHkDGDNpQaAR0="
    }
  }
}
