{
  "name": "project-euler-js",
  "version": "0.0.1",
  "lockfileVersion": 1,
  "requires": true,
  "dependencies": {
    "approximate-number": {
      "version": "2.0.0",
      "resolved": "https://registry.npmjs.org/approximate-number/-/approximate-number-2.0.0.tgz",
      "integrity": "sha1-Q8f7+7sAcKQSEx1lWB+GiyTR6yk="
    },
    "get-primes": {
      "version": "1.0.3",
      "resolved": "https://registry.npmjs.org/get-primes/-/get-primes-1.0.3.tgz",
      "integrity": "sha1-01Aal775XJNXHCDPFTI+bb5ea/w="
    },
    "human-duration": {
      "version": "1.0.1",
      "resolved": "https://registry.npmjs.org/human-duration/-/human-duration-1.0.1.tgz",
      "integrity": "sha1-GR/Q+iXSBOLtGf8/tbAOQEUsWQA="
    }
  }
}
